
Microsoft Visual Studio Solution File, Format Version 12.00
# Visual Studio Version 16
VisualStudioVersion = 16.0.29709.97
MinimumVisualStudioVersion = 10.0.40219.1
Project("{9A19103F-16F7-4668-BE54-9A1E7A4F7556}") = "pr1_2", "pr1\pr1_2.csproj", "{7B0A746E-6D0A-4CC6-BC9F-18A343F1E4ED}"
EndProject
Project("{9A19103F-16F7-4668-BE54-9A1E7A4F7556}") = "pr2_1", "pr2_1\pr2_1.csproj", "{7E98FAA2-CDBE-4075-8116-506457E374DD}"
EndProject
Project("{9A19103F-16F7-4668-BE54-9A1E7A4F7556}") = "pr1_1", "pr1_1\pr1_1.csproj", "{73FEF969-0D2F-4A85-82DF-7FE0075C8BD2}"
EndProject
Project("{9A19103F-16F7-4668-BE54-9A1E7A4F7556}") = "SortString", "SortString\SortString.csproj", "{96DC2CC3-8F4A-440E-A22C-388C31DFB217}"
EndProject
Project("{FAE04EC0-301F-11D3-BF4B-00C04F79EFBC}") = "pr3_1", "pr3_1\pr3_1.csproj", "{4D65945C-7E8D-4855-842A-122D59F276C7}"
EndProject
Global
	GlobalSection(SolutionConfigurationPlatforms) = preSolution
		Debug|Any CPU = Debug|Any CPU
		Release|Any CPU = Release|Any CPU
	EndGlobalSection
	GlobalSection(ProjectConfigurationPlatforms) = postSolution
		{7B0A746E-6D0A-4CC6-BC9F-18A343F1E4ED}.Debug|Any CPU.ActiveCfg = Debug|Any CPU
		{7B0A746E-6D0A-4CC6-BC9F-18A343F1E4ED}.Debug|Any CPU.Build.0 = Debug|Any CPU
		{7B0A746E-6D0A-4CC6-BC9F-18A343F1E4ED}.Release|Any CPU.ActiveCfg = Release|Any CPU
		{7B0A746E-6D0A-4CC6-BC9F-18A343F1E4ED}.Release|Any CPU.Build.0 = Release|Any CPU
		{7E98FAA2-CDBE-4075-8116-506457E374DD}.Debug|Any CPU.ActiveCfg = Debug|Any CPU
		{7E98FAA2-CDBE-4075-8116-506457E374DD}.Debug|Any CPU.Build.0 = Debug|Any CPU
		{7E98FAA2-CDBE-4075-8116-506457E374DD}.Release|Any CPU.ActiveCfg = Release|Any CPU
		{7E98FAA2-CDBE-4075-8116-506457E374DD}.Release|Any CPU.Build.0 = Release|Any CPU
		{73FEF969-0D2F-4A85-82DF-7FE0075C8BD2}.Debug|Any CPU.ActiveCfg = Debug|Any CPU
		{73FEF969-0D2F-4A85-82DF-7FE0075C8BD2}.Debug|Any CPU.Build.0 = Debug|Any CPU
		{73FEF969-0D2F-4A85-82DF-7FE0075C8BD2}.Release|Any CPU.ActiveCfg = Release|Any CPU
		{73FEF969-0D2F-4A85-82DF-7FE0075C8BD2}.Release|Any CPU.Build.0 = Release|Any CPU
		{96DC2CC3-8F4A-440E-A22C-388C31DFB217}.Debug|Any CPU.ActiveCfg = Debug|Any CPU
		{96DC2CC3-8F4A-440E-A22C-388C31DFB217}.Debug|Any CPU.Build.0 = Debug|Any CPU
		{96DC2CC3-8F4A-440E-A22C-388C31DFB217}.Release|Any CPU.ActiveCfg = Release|Any CPU
		{96DC2CC3-8F4A-440E-A22C-388C31DFB217}.Release|Any CPU.Build.0 = Release|Any CPU
		{4D65945C-7E8D-4855-842A-122D59F276C7}.Debug|Any CPU.ActiveCfg = Debug|Any CPU
		{4D65945C-7E8D-4855-842A-122D59F276C7}.Debug|Any CPU.Build.0 = Debug|Any CPU
		{4D65945C-7E8D-4855-842A-122D59F276C7}.Release|Any CPU.ActiveCfg = Release|Any CPU
		{4D65945C-7E8D-4855-842A-122D59F276C7}.Release|Any CPU.Build.0 = Release|Any CPU
	EndGlobalSection
	GlobalSection(SolutionProperties) = preSolution
		HideSolutionNode = FALSE
	EndGlobalSection
	GlobalSection(ExtensibilityGlobals) = postSolution
		SolutionGuid = {7D3C3B68-33CC-4FF8-BE4A-A75CA8A7D147}
	EndGlobalSection
EndGlobal
